// !$*UTF8*$!
{
	archiveVersion = 1;
	classes = {
	};
	objectVersion = 77;
	objects = {

/* Begin PBXBuildFile section */
		5A1000000000000000000010 = {isa = PBXBuildFile; productRef = 5A1000000000000000000011; };
		5A1000000000000000000013 = {isa = PBXBuildFile; productRef = 5A1000000000000000000014; };
/* End PBXBuildFile section */

/* Begin PBXContainerItemProxy section */
		5A1000000000000000000068 = {
			isa = PBXContainerItemProxy;
			containerPortal = 5A1000000000000000000009;
			proxyType = 1;
			remoteGlobalIDString = 5A1000000000000000000006;
			remoteInfo = Shotsy;
		};
/* End PBXContainerItemProxy section */

/* Begin PBXFileReference section */
		5A1000000000000000000001 = {isa = PBXFileReference; explicitFileType = wrapper.application; includeInIndex = 0; path = Shotsy.app; sourceTree = BUILT_PRODUCTS_DIR; };
		5A1000000000000000000060 = {isa = PBXFileReference; explicitFileType = wrapper.cfbundle; includeInIndex = 0; path = ShotsyTests.xctest; sourceTree = BUILT_PRODUCTS_DIR; };
		5A1000000000000000000044 = {isa = PBXFileReference; lastKnownFileType = text.xcconfig; path = Owner.xcconfig; sourceTree = "<group>"; };
		5A1000000000000000000045 = {isa = PBXFileReference; lastKnownFileType = text.plist.xml; path = "Shotsy-Info.plist"; sourceTree = "<group>"; };
		5A1000000000000000000049 = {isa = PBXFileReference; lastKnownFileType = text; path = Shotsy.storekit; sourceTree = "<group>"; };
/* End PBXFileReference section */

/* Begin PBXFileSystemSynchronizedRootGroup section */
		5A1000000000000000000002 /* Shotsy */ = {
			isa = PBXFileSystemSynchronizedRootGroup;
			path = Shotsy;
			sourceTree = "<group>";
		};
		5A1000000000000000000040 /* Shared */ = {
			isa = PBXFileSystemSynchronizedRootGroup;
			path = Shared;
			sourceTree = "<group>";
		};
		5A1000000000000000000042 /* ShotsyTests */ = {
			isa = PBXFileSystemSynchronizedRootGroup;
			path = ShotsyTests;
			sourceTree = "<group>";
		};
/* End PBXFileSystemSynchronizedRootGroup section */

/* Begin PBXFrameworksBuildPhase section */
		5A1000000000000000000003 = {
			isa = PBXFrameworksBuildPhase;
			buildActionMask = 2147483647;
			files = (
				5A1000000000000000000010,
				5A1000000000000000000013,
			);
			runOnlyForDeploymentPostprocessing = 0;
		};
		5A1000000000000000000063 = {
			isa = PBXFrameworksBuildPhase;
			buildActionMask = 2147483647;
			files = (
			);
			runOnlyForDeploymentPostprocessing = 0;
		};
/* End PBXFrameworksBuildPhase section */

/* Begin PBXGroup section */
		5A1000000000000000000004 = {
			isa = PBXGroup;
			children = (
				5A1000000000000000000002,
				5A1000000000000000000040,
				5A1000000000000000000042,
				5A1000000000000000000043,
				5A1000000000000000000005,
			);
			sourceTree = "<group>";
		};
		5A1000000000000000000043 = {
			isa = PBXGroup;
			children = (
				5A1000000000000000000044,
				5A1000000000000000000045,
				5A1000000000000000000049,
			);
			path = Config;
			sourceTree = "<group>";
		};
		5A1000000000000000000005 = {
			isa = PBXGroup;
			children = (
				5A1000000000000000000001,
				5A1000000000000000000060,
			);
			name = Products;
			sourceTree = "<group>";
		};
/* End PBXGroup section */

/* Begin PBXNativeTarget section */
		5A1000000000000000000006 /* Shotsy */ = {
			isa = PBXNativeTarget;
			buildConfigurationList = 5A1000000000000000000020;
			buildPhases = (
				5A1000000000000000000007,
				5A1000000000000000000003,
				5A1000000000000000000008,
			);
			buildRules = (
			);
			dependencies = (
			);
			fileSystemSynchronizedGroups = (
				5A1000000000000000000002,
				5A1000000000000000000040,
			);
			name = Shotsy;
			packageProductDependencies = (
				5A1000000000000000000011,
				5A1000000000000000000014,
			);
			productName = Shotsy;
			productReference = 5A1000000000000000000001;
			productType = "com.apple.product-type.application";
		};
		5A1000000000000000000061 /* ShotsyTests */ = {
			isa = PBXNativeTarget;
			buildConfigurationList = 5A1000000000000000000065;
			buildPhases = (
				5A1000000000000000000062,
				5A1000000000000000000063,
				5A1000000000000000000064,
			);
			buildRules = (
			);
			dependencies = (
				5A1000000000000000000069,
			);
			fileSystemSynchronizedGroups = (
				5A1000000000000000000042,
			);
			name = ShotsyTests;
			packageProductDependencies = (
			);
			productName = ShotsyTests;
			productReference = 5A1000000000000000000060;
			productType = "com.apple.product-type.bundle.unit-test";
		};
/* End PBXNativeTarget section */

/* Begin PBXProject section */
		5A1000000000000000000009 /* Project object */ = {
			isa = PBXProject;
			attributes = {
				BuildIndependentTargetsInParallel = 1;
				LastSwiftUpdateCheck = 2600;
				LastUpgradeCheck = 2600;
				TargetAttributes = {
					5A1000000000000000000006 = {
						CreatedOnToolsVersion = 26.0;
					};
					5A1000000000000000000061 = {
						CreatedOnToolsVersion = 26.0;
						TestTargetID = 5A1000000000000000000006;
					};
				};
			};
			buildConfigurationList = 5A1000000000000000000023;
			developmentRegion = en;
			hasScannedForEncodings = 0;
			knownRegions = (
				en,
				Base,
				ru,
				es,
				"pt-BR",
				fr,
				de,
				it,
				ja,
				ko,
				"zh-Hans",
				"zh-Hant",
				id,
				vi,
			);
			mainGroup = 5A1000000000000000000004;
			minimizedProjectReferenceProxies = 1;
			packageReferences = (
				5A1000000000000000000012,
				5A1000000000000000000015,
			);
			preferredProjectObjectVersion = 77;
			productRefGroup = 5A1000000000000000000005;
			projectDirPath = "";
			projectRoot = "";
			targets = (
				5A1000000000000000000006,
				5A1000000000000000000061,
			);
		};
/* End PBXProject section */

/* Begin PBXResourcesBuildPhase section */
		5A1000000000000000000008 = {
			isa = PBXResourcesBuildPhase;
			buildActionMask = 2147483647;
			files = (
			);
			runOnlyForDeploymentPostprocessing = 0;
		};
		5A1000000000000000000064 = {
			isa = PBXResourcesBuildPhase;
			buildActionMask = 2147483647;
			files = (
			);
			runOnlyForDeploymentPostprocessing = 0;
		};
/* End PBXResourcesBuildPhase section */

/* Begin PBXSourcesBuildPhase section */
		5A1000000000000000000007 = {
			isa = PBXSourcesBuildPhase;
			buildActionMask = 2147483647;
			files = (
			);
			runOnlyForDeploymentPostprocessing = 0;
		};
		5A1000000000000000000062 = {
			isa = PBXSourcesBuildPhase;
			buildActionMask = 2147483647;
			files = (
			);
			runOnlyForDeploymentPostprocessing = 0;
		};
/* End PBXSourcesBuildPhase section */

/* Begin PBXTargetDependency section */
		5A1000000000000000000069 = {
			isa = PBXTargetDependency;
			target = 5A1000000000000000000006;
			targetProxy = 5A1000000000000000000068;
		};
/* End PBXTargetDependency section */

/* Begin XCBuildConfiguration section */
		5A1000000000000000000021 /* Debug */ = {
			isa = XCBuildConfiguration;
			buildSettings = {
				ASSETCATALOG_COMPILER_APPICON_NAME = AppIcon;
				ASSETCATALOG_COMPILER_GLOBAL_ACCENT_COLOR_NAME = AccentColor;
				CODE_SIGN_STYLE = Automatic;
				CURRENT_PROJECT_VERSION = 2;
				DEVELOPMENT_TEAM = "$(SHOTSY_TEAM_ID)";
				ENABLE_PREVIEWS = YES;
				GENERATE_INFOPLIST_FILE = YES;
				INFOPLIST_FILE = "Config/Shotsy-Info.plist";
				INFOPLIST_KEY_CFBundleDisplayName = Shotsy;
				INFOPLIST_KEY_ITSAppUsesNonExemptEncryption = NO;
				INFOPLIST_KEY_LSApplicationCategoryType = "public.app-category.photography";
				INFOPLIST_KEY_NSPhotoLibraryAddUsageDescription = "Shotsy saves compressed video copies to your library when you ask it to.";
				INFOPLIST_KEY_NSPhotoLibraryUsageDescription = "Shotsy sorts, groups, and searches your photos on this iPhone. It changes your library only when you choose an action.";
				INFOPLIST_KEY_UIApplicationSceneManifest_Generation = YES;
				INFOPLIST_KEY_UIApplicationSupportsIndirectInputEvents = YES;
				INFOPLIST_KEY_UILaunchScreen_Generation = YES;
				INFOPLIST_KEY_UISupportedInterfaceOrientations = UIInterfaceOrientationPortrait;
				LD_RUNPATH_SEARCH_PATHS = (
					"$(inherited)",
					"@executable_path/Frameworks",
				);
				MARKETING_VERSION = 1.0;
				PRODUCT_BUNDLE_IDENTIFIER = "$(SHOTSY_BUNDLE_ID)";
				PRODUCT_NAME = "$(TARGET_NAME)";
				SWIFT_APPROACHABLE_CONCURRENCY = YES;
				SWIFT_DEFAULT_ACTOR_ISOLATION = MainActor;
				SWIFT_EMIT_LOC_STRINGS = YES;
				SWIFT_VERSION = 5.0;
				TARGETED_DEVICE_FAMILY = 1;
			};
			name = Debug;
		};
		5A1000000000000000000022 /* Release */ = {
			isa = XCBuildConfiguration;
			buildSettings = {
				ASSETCATALOG_COMPILER_APPICON_NAME = AppIcon;
				ASSETCATALOG_COMPILER_GLOBAL_ACCENT_COLOR_NAME = AccentColor;
				CODE_SIGN_STYLE = Automatic;
				CURRENT_PROJECT_VERSION = 2;
				DEVELOPMENT_TEAM = "$(SHOTSY_TEAM_ID)";
				ENABLE_PREVIEWS = YES;
				GENERATE_INFOPLIST_FILE = YES;
				INFOPLIST_FILE = "Config/Shotsy-Info.plist";
				INFOPLIST_KEY_CFBundleDisplayName = Shotsy;
				INFOPLIST_KEY_ITSAppUsesNonExemptEncryption = NO;
				INFOPLIST_KEY_LSApplicationCategoryType = "public.app-category.photography";
				INFOPLIST_KEY_NSPhotoLibraryAddUsageDescription = "Shotsy saves compressed video copies to your library when you ask it to.";
				INFOPLIST_KEY_NSPhotoLibraryUsageDescription = "Shotsy sorts, groups, and searches your photos on this iPhone. It changes your library only when you choose an action.";
				INFOPLIST_KEY_UIApplicationSceneManifest_Generation = YES;
				INFOPLIST_KEY_UIApplicationSupportsIndirectInputEvents = YES;
				INFOPLIST_KEY_UILaunchScreen_Generation = YES;
				INFOPLIST_KEY_UISupportedInterfaceOrientations = UIInterfaceOrientationPortrait;
				LD_RUNPATH_SEARCH_PATHS = (
					"$(inherited)",
					"@executable_path/Frameworks",
				);
				MARKETING_VERSION = 1.0;
				PRODUCT_BUNDLE_IDENTIFIER = "$(SHOTSY_BUNDLE_ID)";
				PRODUCT_NAME = "$(TARGET_NAME)";
				SWIFT_APPROACHABLE_CONCURRENCY = YES;
				SWIFT_DEFAULT_ACTOR_ISOLATION = MainActor;
				SWIFT_EMIT_LOC_STRINGS = YES;
				SWIFT_VERSION = 5.0;
				TARGETED_DEVICE_FAMILY = 1;
			};
			name = Release;
		};
		5A1000000000000000000066 /* Debug */ = {
			isa = XCBuildConfiguration;
			buildSettings = {
				BUNDLE_LOADER = "$(TEST_HOST)";
				CODE_SIGN_STYLE = Automatic;
				CURRENT_PROJECT_VERSION = 2;
				DEVELOPMENT_TEAM = "$(SHOTSY_TEAM_ID)";
				GENERATE_INFOPLIST_FILE = YES;
				MARKETING_VERSION = 1.0;
				PRODUCT_BUNDLE_IDENTIFIER = "$(SHOTSY_BUNDLE_ID).tests";
				PRODUCT_NAME = "$(TARGET_NAME)";
				SWIFT_APPROACHABLE_CONCURRENCY = YES;
				SWIFT_DEFAULT_ACTOR_ISOLATION = MainActor;
				SWIFT_EMIT_LOC_STRINGS = NO;
				SWIFT_VERSION = 5.0;
				TARGETED_DEVICE_FAMILY = 1;
				TEST_HOST = "$(BUILT_PRODUCTS_DIR)/Shotsy.app/$(BUNDLE_EXECUTABLE_FOLDER_PATH)/Shotsy";
			};
			name = Debug;
		};
		5A1000000000000000000067 /* Release */ = {
			isa = XCBuildConfiguration;
			buildSettings = {
				BUNDLE_LOADER = "$(TEST_HOST)";
				CODE_SIGN_STYLE = Automatic;
				CURRENT_PROJECT_VERSION = 2;
				DEVELOPMENT_TEAM = "$(SHOTSY_TEAM_ID)";
				GENERATE_INFOPLIST_FILE = YES;
				MARKETING_VERSION = 1.0;
				PRODUCT_BUNDLE_IDENTIFIER = "$(SHOTSY_BUNDLE_ID).tests";
				PRODUCT_NAME = "$(TARGET_NAME)";
				SWIFT_APPROACHABLE_CONCURRENCY = YES;
				SWIFT_DEFAULT_ACTOR_ISOLATION = MainActor;
				SWIFT_EMIT_LOC_STRINGS = NO;
				SWIFT_VERSION = 5.0;
				TARGETED_DEVICE_FAMILY = 1;
				TEST_HOST = "$(BUILT_PRODUCTS_DIR)/Shotsy.app/$(BUNDLE_EXECUTABLE_FOLDER_PATH)/Shotsy";
			};
			name = Release;
		};
		5A1000000000000000000024 /* Debug */ = {
			isa = XCBuildConfiguration;
			baseConfigurationReference = 5A1000000000000000000044;
			buildSettings = {
				ALWAYS_SEARCH_USER_PATHS = NO;
				CLANG_ENABLE_MODULES = YES;
				CLANG_ENABLE_OBJC_ARC = YES;
				COPY_PHASE_STRIP = NO;
				DEBUG_INFORMATION_FORMAT = dwarf;
				ENABLE_STRICT_OBJC_MSGSEND = YES;
				ENABLE_TESTABILITY = YES;
				ENABLE_USER_SCRIPT_SANDBOXING = YES;
				GCC_OPTIMIZATION_LEVEL = 0;
				GCC_PREPROCESSOR_DEFINITIONS = (
					"DEBUG=1",
					"$(inherited)",
				);
				IPHONEOS_DEPLOYMENT_TARGET = 26.0;
				LOCALIZATION_PREFERS_STRING_CATALOGS = YES;
				MTL_ENABLE_DEBUG_INFO = INCLUDE_SOURCE;
				ONLY_ACTIVE_ARCH = YES;
				SDKROOT = iphoneos;
				STRING_CATALOG_GENERATE_SYMBOLS = YES;
				SWIFT_ACTIVE_COMPILATION_CONDITIONS = "DEBUG $(inherited)";
				SWIFT_OPTIMIZATION_LEVEL = "-Onone";
			};
			name = Debug;
		};
		5A1000000000000000000025 /* Release */ = {
			isa = XCBuildConfiguration;
			baseConfigurationReference = 5A1000000000000000000044;
			buildSettings = {
				ALWAYS_SEARCH_USER_PATHS = NO;
				CLANG_ENABLE_MODULES = YES;
				CLANG_ENABLE_OBJC_ARC = YES;
				COPY_PHASE_STRIP = NO;
				DEBUG_INFORMATION_FORMAT = "dwarf-with-dsym";
				ENABLE_NS_ASSERTIONS = NO;
				ENABLE_STRICT_OBJC_MSGSEND = YES;
				ENABLE_USER_SCRIPT_SANDBOXING = YES;
				IPHONEOS_DEPLOYMENT_TARGET = 26.0;
				LOCALIZATION_PREFERS_STRING_CATALOGS = YES;
				MTL_ENABLE_DEBUG_INFO = NO;
				SDKROOT = iphoneos;
				STRING_CATALOG_GENERATE_SYMBOLS = YES;
				SWIFT_COMPILATION_MODE = wholemodule;
				VALIDATE_PRODUCT = YES;
			};
			name = Release;
		};
/* End XCBuildConfiguration section */

/* Begin XCConfigurationList section */
		5A1000000000000000000020 = {
			isa = XCConfigurationList;
			buildConfigurations = (
				5A1000000000000000000021,
				5A1000000000000000000022,
			);
			defaultConfigurationIsVisible = 0;
			defaultConfigurationName = Release;
		};
		5A1000000000000000000065 = {
			isa = XCConfigurationList;
			buildConfigurations = (
				5A1000000000000000000066,
				5A1000000000000000000067,
			);
			defaultConfigurationIsVisible = 0;
			defaultConfigurationName = Release;
		};
		5A1000000000000000000023 = {
			isa = XCConfigurationList;
			buildConfigurations = (
				5A1000000000000000000024,
				5A1000000000000000000025,
			);
			defaultConfigurationIsVisible = 0;
			defaultConfigurationName = Release;
		};
/* End XCConfigurationList section */

/* Begin XCRemoteSwiftPackageReference section */
		5A1000000000000000000012 = {
			isa = XCRemoteSwiftPackageReference;
			repositoryURL = "https://github.com/airbnb/lottie-spm";
			requirement = {
				kind = upToNextMajorVersion;
				minimumVersion = 4.5.0;
			};
		};
		5A1000000000000000000015 = {
			isa = XCRemoteSwiftPackageReference;
			repositoryURL = "https://github.com/RevenueCat/purchases-ios-spm";
			requirement = {
				kind = upToNextMajorVersion;
				minimumVersion = 5.0.0;
			};
		};
/* End XCRemoteSwiftPackageReference section */

/* Begin XCSwiftPackageProductDependency section */
		5A1000000000000000000011 = {
			isa = XCSwiftPackageProductDependency;
			package = 5A1000000000000000000012;
			productName = Lottie;
		};
		5A1000000000000000000014 = {
			isa = XCSwiftPackageProductDependency;
			package = 5A1000000000000000000015;
			productName = RevenueCat;
		};
/* End XCSwiftPackageProductDependency section */

	};
	rootObject = 5A1000000000000000000009 /* Project object */;
}
